
Microsoft Visual Studio Solution File, Format Version 12.00
# Visual Studio Version 17
VisualStudioVersion = 17.4.33103.184
MinimumVisualStudioVersion = 10.0.40219.1
Project("{FAE04EC0-301F-11D3-BF4B-00C04F79EFBC}") = "RazorPagesMovie", "RazorPagesMovie\RazorPagesMovie.csproj", "{AC173F8A-683C-4245-9753-047658271347}"
EndProject
Global
	GlobalSection(SolutionConfigurationPlatforms) = preSolution
		Debug|Any CPU = Debug|Any CPU
		Release|Any CPU = Release|Any CPU
	EndGlobalSection
	GlobalSection(ProjectConfigurationPlatforms) = postSolution
		{AC173F8A-683C-4245-9753-047658271347}.Debug|Any CPU.ActiveCfg = Debug|Any CPU
		{AC173F8A-683C-4245-9753-047658271347}.Debug|Any CPU.Build.0 = Debug|Any CPU
		{AC173F8A-683C-4245-9753-047658271347}.Release|Any CPU.ActiveCfg = Release|Any CPU
		{AC173F8A-683C-4245-9753-047658271347}.Release|Any CPU.Build.0 = Release|Any CPU
	EndGlobalSection
	GlobalSection(SolutionProperties) = preSolution
		HideSolutionNode = FALSE
	EndGlobalSection
	GlobalSection(ExtensibilityGlobals) = postSolution
		SolutionGuid = {C87DF79F-5AC5-4E63-B8BE-CF89144B002C}
	EndGlobalSection
EndGlobal
